
Microsoft Visual Studio Solution File, Format Version 12.00
# Visual Studio Version 17
VisualStudioVersion = 17.14.36811.4 d17.14
MinimumVisualStudioVersion = 10.0.40219.1
Project("{FAE04EC0-301F-11D3-BF4B-00C04F79EFBC}") = "LMSProject", "LMSProject.csproj", "{DFB14EBA-6C57-4F98-804B-776B30750651}"
EndProject
Global
	GlobalSection(SolutionConfigurationPlatforms) = preSolution
		Debug|Any CPU = Debug|Any CPU
		Release|Any CPU = Release|Any CPU
	EndGlobalSection
	GlobalSection(ProjectConfigurationPlatforms) = postSolution
		{DFB14EBA-6C57-4F98-804B-776B30750651}.Debug|Any CPU.ActiveCfg = Debug|Any CPU
		{DFB14EBA-6C57-4F98-804B-776B30750651}.Debug|Any CPU.Build.0 = Debug|Any CPU
		{DFB14EBA-6C57-4F98-804B-776B30750651}.Release|Any CPU.ActiveCfg = Release|Any CPU
		{DFB14EBA-6C57-4F98-804B-776B30750651}.Release|Any CPU.Build.0 = Release|Any CPU
	EndGlobalSection
	GlobalSection(SolutionProperties) = preSolution
		HideSolutionNode = FALSE
	EndGlobalSection
	GlobalSection(ExtensibilityGlobals) = postSolution
		SolutionGuid = {6A72E0B2-5EFC-4467-A5EF-5BECECA31DAF}
	EndGlobalSection
EndGlobal
